
Microsoft Visual Studio Solution File, Format Version 12.00
# Visual Studio Version 16
VisualStudioVersion = 16.0.31515.178
MinimumVisualStudioVersion = 10.0.40219.1
Project("{FAE04EC0-301F-11D3-BF4B-00C04F79EFBC}") = "CustomerTracker", "CustomerTracker\CustomerTracker.csproj", "{56058FA6-D9BF-403F-BE02-C8B6D246100C}"
EndProject
Global
	GlobalSection(SolutionConfigurationPlatforms) = preSolution
		Debug|Any CPU = Debug|Any CPU
		Release|Any CPU = Release|Any CPU
	EndGlobalSection
	GlobalSection(ProjectConfigurationPlatforms) = postSolution
		{56058FA6-D9BF-403F-BE02-C8B6D246100C}.Debug|Any CPU.ActiveCfg = Debug|Any CPU
		{56058FA6-D9BF-403F-BE02-C8B6D246100C}.Debug|Any CPU.Build.0 = Debug|Any CPU
		{56058FA6-D9BF-403F-BE02-C8B6D246100C}.Release|Any CPU.ActiveCfg = Release|Any CPU
		{56058FA6-D9BF-403F-BE02-C8B6D246100C}.Release|Any CPU.Build.0 = Release|Any CPU
	EndGlobalSection
	GlobalSection(SolutionProperties) = preSolution
		HideSolutionNode = FALSE
	EndGlobalSection
	GlobalSection(ExtensibilityGlobals) = postSolution
		SolutionGuid = {0BBD2B15-0E64-4B2A-9F89-E10873342D21}
	EndGlobalSection
EndGlobal
